
Microsoft Visual Studio Solution File, Format Version 12.00
# Visual Studio Version 17
VisualStudioVersion = 17.9.34607.119
MinimumVisualStudioVersion = 10.0.40219.1
Project("{FAE04EC0-301F-11D3-BF4B-00C04F79EFBC}") = "Inversity1", "Inversity1\Inversity1.csproj", "{9EE7D535-2C85-4219-B937-15A9AD429EBE}"
EndProject
Global
	GlobalSection(SolutionConfigurationPlatforms) = preSolution
		Debug|Any CPU = Debug|Any CPU
		Release|Any CPU = Release|Any CPU
	EndGlobalSection
	GlobalSection(ProjectConfigurationPlatforms) = postSolution
		{9EE7D535-2C85-4219-B937-15A9AD429EBE}.Debug|Any CPU.ActiveCfg = Debug|Any CPU
		{9EE7D535-2C85-4219-B937-15A9AD429EBE}.Debug|Any CPU.Build.0 = Debug|Any CPU
		{9EE7D535-2C85-4219-B937-15A9AD429EBE}.Release|Any CPU.ActiveCfg = Release|Any CPU
		{9EE7D535-2C85-4219-B937-15A9AD429EBE}.Release|Any CPU.Build.0 = Release|Any CPU
	EndGlobalSection
	GlobalSection(SolutionProperties) = preSolution
		HideSolutionNode = FALSE
	EndGlobalSection
	GlobalSection(ExtensibilityGlobals) = postSolution
		SolutionGuid = {384D09D7-0617-482C-BDEF-AD7DBFBEF4E8}
	EndGlobalSection
EndGlobal
